
Microsoft Visual Studio Solution File, Format Version 12.00
# Visual Studio 15
VisualStudioVersion = 15.0.26403.7
MinimumVisualStudioVersion = 10.0.40219.1
Project("{FAE04EC0-301F-11D3-BF4B-00C04F79EFBC}") = "IntroductionToCsharp", "IntroductionToCsharp\IntroductionToCsharp.csproj", "{C9B9AE08-EECB-4B46-B4FA-9500D1607C4F}"
EndProject
Project("{FAE04EC0-301F-11D3-BF4B-00C04F79EFBC}") = "ProjectA.TeamA", "ProjectA.TeamA\ProjectA.TeamA.csproj", "{70D2B05F-7691-476A-954D-AEBCA6CB24A6}"
EndProject
Project("{FAE04EC0-301F-11D3-BF4B-00C04F79EFBC}") = "ProjectA.TeamB", "ProjectA.TeamB\ProjectA.TeamB.csproj", "{F0942A88-4A88-4588-B8CE-9AA268951693}"
EndProject
Project("{FAE04EC0-301F-11D3-BF4B-00C04F79EFBC}") = "Part20", "Part20\Part20.csproj", "{897FF187-EB31-4B31-BACE-F645364C4AA8}"
EndProject
Project("{FAE04EC0-301F-11D3-BF4B-00C04F79EFBC}") = "Part21", "Part21\Part21.csproj", "{28148554-A925-46F2-9A93-70776E08C7AA}"
EndProject
Project("{FAE04EC0-301F-11D3-BF4B-00C04F79EFBC}") = "HelloProperties", "HelloProperties\HelloProperties.csproj", "{62FAB1BE-8011-4211-955B-7FECEB8D879F}"
EndProject
Project("{FAE04EC0-301F-11D3-BF4B-00C04F79EFBC}") = "HelloStruct", "HelloStruct\HelloStruct.csproj", "{E1D8C7A2-C1A9-4DF1-9A9F-1300BBCAF526}"
EndProject
Project("{FAE04EC0-301F-11D3-BF4B-00C04F79EFBC}") = "HelloInterface", "HelloInterface\HelloInterface.csproj", "{D2C6D822-E6DB-4AE6-9911-3F49B35EC4A5}"
EndProject
Project("{FAE04EC0-301F-11D3-BF4B-00C04F79EFBC}") = "HelloAbstract", "HelloAbstract\HelloAbstract.csproj", "{208549C8-4C56-4CAA-BC0A-9FCB1A30718F}"
EndProject
Project("{FAE04EC0-301F-11D3-BF4B-00C04F79EFBC}") = "AbstratvsInterface", "AbstratvsInterface\AbstratvsInterface.csproj", "{0DE57A86-433D-4265-974D-B53E6E0048B5}"
EndProject
Project("{FAE04EC0-301F-11D3-BF4B-00C04F79EFBC}") = "DiamondProblem", "DiamondProblem\DiamondProblem.csproj", "{2831BFB0-5AF8-4475-BA30-8078711CE4B3}"
EndProject
Project("{FAE04EC0-301F-11D3-BF4B-00C04F79EFBC}") = "HelloDelegatees", "HelloDelegatees\HelloDelegatees.csproj", "{52516A7B-5416-49D1-8A31-C059B6E0250D}"
EndProject
Project("{FAE04EC0-301F-11D3-BF4B-00C04F79EFBC}") = "HelloException", "HelloException\HelloException.csproj", "{2659A4A0-61E6-469A-81E4-4BCC6092BB4E}"
EndProject
Global
	GlobalSection(SolutionConfigurationPlatforms) = preSolution
		Debug|Any CPU = Debug|Any CPU
		Release|Any CPU = Release|Any CPU
	EndGlobalSection
	GlobalSection(ProjectConfigurationPlatforms) = postSolution
		{C9B9AE08-EECB-4B46-B4FA-9500D1607C4F}.Debug|Any CPU.ActiveCfg = Debug|Any CPU
		{C9B9AE08-EECB-4B46-B4FA-9500D1607C4F}.Debug|Any CPU.Build.0 = Debug|Any CPU
		{C9B9AE08-EECB-4B46-B4FA-9500D1607C4F}.Release|Any CPU.ActiveCfg = Release|Any CPU
		{C9B9AE08-EECB-4B46-B4FA-9500D1607C4F}.Release|Any CPU.Build.0 = Release|Any CPU
		{70D2B05F-7691-476A-954D-AEBCA6CB24A6}.Debug|Any CPU.ActiveCfg = Debug|Any CPU
		{70D2B05F-7691-476A-954D-AEBCA6CB24A6}.Debug|Any CPU.Build.0 = Debug|Any CPU
		{70D2B05F-7691-476A-954D-AEBCA6CB24A6}.Release|Any CPU.ActiveCfg = Release|Any CPU
		{70D2B05F-7691-476A-954D-AEBCA6CB24A6}.Release|Any CPU.Build.0 = Release|Any CPU
		{F0942A88-4A88-4588-B8CE-9AA268951693}.Debug|Any CPU.ActiveCfg = Debug|Any CPU
		{F0942A88-4A88-4588-B8CE-9AA268951693}.Debug|Any CPU.Build.0 = Debug|Any CPU
		{F0942A88-4A88-4588-B8CE-9AA268951693}.Release|Any CPU.ActiveCfg = Release|Any CPU
		{F0942A88-4A88-4588-B8CE-9AA268951693}.Release|Any CPU.Build.0 = Release|Any CPU
		{897FF187-EB31-4B31-BACE-F645364C4AA8}.Debug|Any CPU.ActiveCfg = Debug|Any CPU
		{897FF187-EB31-4B31-BACE-F645364C4AA8}.Debug|Any CPU.Build.0 = Debug|Any CPU
		{897FF187-EB31-4B31-BACE-F645364C4AA8}.Release|Any CPU.ActiveCfg = Release|Any CPU
		{897FF187-EB31-4B31-BACE-F645364C4AA8}.Release|Any CPU.Build.0 = Release|Any CPU
		{28148554-A925-46F2-9A93-70776E08C7AA}.Debug|Any CPU.ActiveCfg = Debug|Any CPU
		{28148554-A925-46F2-9A93-70776E08C7AA}.Debug|Any CPU.Build.0 = Debug|Any CPU
		{28148554-A925-46F2-9A93-70776E08C7AA}.Release|Any CPU.ActiveCfg = Release|Any CPU
		{28148554-A925-46F2-9A93-70776E08C7AA}.Release|Any CPU.Build.0 = Release|Any CPU
		{62FAB1BE-8011-4211-955B-7FECEB8D879F}.Debug|Any CPU.ActiveCfg = Debug|Any CPU
		{62FAB1BE-8011-4211-955B-7FECEB8D879F}.Debug|Any CPU.Build.0 = Debug|Any CPU
		{62FAB1BE-8011-4211-955B-7FECEB8D879F}.Release|Any CPU.ActiveCfg = Release|Any CPU
		{62FAB1BE-8011-4211-955B-7FECEB8D879F}.Release|Any CPU.Build.0 = Release|Any CPU
		{E1D8C7A2-C1A9-4DF1-9A9F-1300BBCAF526}.Debug|Any CPU.ActiveCfg = Debug|Any CPU
		{E1D8C7A2-C1A9-4DF1-9A9F-1300BBCAF526}.Debug|Any CPU.Build.0 = Debug|Any CPU
		{E1D8C7A2-C1A9-4DF1-9A9F-1300BBCAF526}.Release|Any CPU.ActiveCfg = Release|Any CPU
		{E1D8C7A2-C1A9-4DF1-9A9F-1300BBCAF526}.Release|Any CPU.Build.0 = Release|Any CPU
		{D2C6D822-E6DB-4AE6-9911-3F49B35EC4A5}.Debug|Any CPU.ActiveCfg = Debug|Any CPU
		{D2C6D822-E6DB-4AE6-9911-3F49B35EC4A5}.Debug|Any CPU.Build.0 = Debug|Any CPU
		{D2C6D822-E6DB-4AE6-9911-3F49B35EC4A5}.Release|Any CPU.ActiveCfg = Release|Any CPU
		{D2C6D822-E6DB-4AE6-9911-3F49B35EC4A5}.Release|Any CPU.Build.0 = Release|Any CPU
		{208549C8-4C56-4CAA-BC0A-9FCB1A30718F}.Debug|Any CPU.ActiveCfg = Debug|Any CPU
		{208549C8-4C56-4CAA-BC0A-9FCB1A30718F}.Debug|Any CPU.Build.0 = Debug|Any CPU
		{208549C8-4C56-4CAA-BC0A-9FCB1A30718F}.Release|Any CPU.ActiveCfg = Release|Any CPU
		{208549C8-4C56-4CAA-BC0A-9FCB1A30718F}.Release|Any CPU.Build.0 = Release|Any CPU
		{0DE57A86-433D-4265-974D-B53E6E0048B5}.Debug|Any CPU.ActiveCfg = Debug|Any CPU
		{0DE57A86-433D-4265-974D-B53E6E0048B5}.Debug|Any CPU.Build.0 = Debug|Any CPU
		{0DE57A86-433D-4265-974D-B53E6E0048B5}.Release|Any CPU.ActiveCfg = Release|Any CPU
		{0DE57A86-433D-4265-974D-B53E6E0048B5}.Release|Any CPU.Build.0 = Release|Any CPU
		{2831BFB0-5AF8-4475-BA30-8078711CE4B3}.Debug|Any CPU.ActiveCfg = Debug|Any CPU
		{2831BFB0-5AF8-4475-BA30-8078711CE4B3}.Debug|Any CPU.Build.0 = Debug|Any CPU
		{2831BFB0-5AF8-4475-BA30-8078711CE4B3}.Release|Any CPU.ActiveCfg = Release|Any CPU
		{2831BFB0-5AF8-4475-BA30-8078711CE4B3}.Release|Any CPU.Build.0 = Release|Any CPU
		{52516A7B-5416-49D1-8A31-C059B6E0250D}.Debug|Any CPU.ActiveCfg = Debug|Any CPU
		{52516A7B-5416-49D1-8A31-C059B6E0250D}.Debug|Any CPU.Build.0 = Debug|Any CPU
		{52516A7B-5416-49D1-8A31-C059B6E0250D}.Release|Any CPU.ActiveCfg = Release|Any CPU
		{52516A7B-5416-49D1-8A31-C059B6E0250D}.Release|Any CPU.Build.0 = Release|Any CPU
		{2659A4A0-61E6-469A-81E4-4BCC6092BB4E}.Debug|Any CPU.ActiveCfg = Debug|Any CPU
		{2659A4A0-61E6-469A-81E4-4BCC6092BB4E}.Debug|Any CPU.Build.0 = Debug|Any CPU
		{2659A4A0-61E6-469A-81E4-4BCC6092BB4E}.Release|Any CPU.ActiveCfg = Release|Any CPU
		{2659A4A0-61E6-469A-81E4-4BCC6092BB4E}.Release|Any CPU.Build.0 = Release|Any CPU
	EndGlobalSection
	GlobalSection(SolutionProperties) = preSolution
		HideSolutionNode = FALSE
	EndGlobalSection
EndGlobal
